schema: '2.0'
stages:
  filter:
    cmd: video-quality-filter run --input data/raw --config config/default.yaml 
      --output-dir data/reports
    deps:
    - path: config/default.yaml
      hash: md5
      md5: c4879ec29dfacf637723f622325d4b87
      size: 1950
    - path: data/raw
      hash: md5
      md5: 6ffbaaad7b4ac6e1afabed19a80b2560.dir
      size: 0
      nfiles: 1
    - path: src
      hash: md5
      md5: 4afdb62e98a0267918a938113dd02069.dir
      size: 81903
      nfiles: 20
    outs:
    - path: data/reports
      hash: md5
      md5: 726f9340cfce889c9efe28512dd199ef.dir
      size: 355
      nfiles: 2
